
Microsoft Visual Studio Solution File, Format Version 12.00
# Visual Studio Version 17
VisualStudioVersion = 17.10.35027.167
MinimumVisualStudioVersion = 10.0.40219.1
Project("{FAE04EC0-301F-11D3-BF4B-00C04F79EFBC}") = "INFT2051_Project", "INFT2051_Project\INFT2051_Project.csproj", "{255FC8B0-333D-4C50-88E3-350CB5164734}"
EndProject
Global
	GlobalSection(SolutionConfigurationPlatforms) = preSolution
		Debug|Any CPU = Debug|Any CPU
		Release|Any CPU = Release|Any CPU
	EndGlobalSection
	GlobalSection(ProjectConfigurationPlatforms) = postSolution
		{255FC8B0-333D-4C50-88E3-350CB5164734}.Debug|Any CPU.ActiveCfg = Debug|Any CPU
		{255FC8B0-333D-4C50-88E3-350CB5164734}.Debug|Any CPU.Build.0 = Debug|Any CPU
		{255FC8B0-333D-4C50-88E3-350CB5164734}.Debug|Any CPU.Deploy.0 = Debug|Any CPU
		{255FC8B0-333D-4C50-88E3-350CB5164734}.Release|Any CPU.ActiveCfg = Release|Any CPU
		{255FC8B0-333D-4C50-88E3-350CB5164734}.Release|Any CPU.Build.0 = Release|Any CPU
		{255FC8B0-333D-4C50-88E3-350CB5164734}.Release|Any CPU.Deploy.0 = Release|Any CPU
	EndGlobalSection
	GlobalSection(SolutionProperties) = preSolution
		HideSolutionNode = FALSE
	EndGlobalSection
	GlobalSection(ExtensibilityGlobals) = postSolution
		SolutionGuid = {1A13CE2A-60BB-4583-B71E-21A462C63D88}
	EndGlobalSection
EndGlobal
